<Solution>
  <Folder Name="/src/">
    <Project Path="src/QueryWatt.Baselines/QueryWatt.Baselines.csproj" />
    <Project Path="src/QueryWatt.Core/QueryWatt.Core.csproj" />
    <Project Path="src/QueryWatt.Energy/QueryWatt.Energy.csproj" />
    <Project Path="src/QueryWatt.Reporting/QueryWatt.Reporting.csproj" />
    <Project Path="src/QueryWatt.Configuration/QueryWatt.Configuration.csproj" />
    <Project Path="src/QueryWatt.Cli/QueryWatt.Cli.csproj" />
    <Project Path="src/QueryWatt.SqlServer/QueryWatt.SqlServer.csproj" />
  </Folder>
  <Folder Name="/tests/">
    <Project Path="tests/QueryWatt.UnitTests/QueryWatt.UnitTests.csproj" />
    <Project Path="tests/QueryWatt.IntegrationTests/QueryWatt.IntegrationTests.csproj" />
  </Folder>
  <Folder Name="/samples/">
    <Project Path="samples/QueryWatt.MeasurementProbe/QueryWatt.MeasurementProbe.csproj" />
  </Folder>
</Solution>
